
Microsoft Visual Studio Solution File, Format Version 12.00
# Visual Studio 15
VisualStudioVersion = 15.0.27703.2018
MinimumVisualStudioVersion = 10.0.40219.1
Project("{2150E333-8FDC-42A3-9474-1A3956D46DE8}") = "src", "src", "{F1610527-51BD-4242-BC85-D7F6D3D5D835}"
EndProject
Project("{2150E333-8FDC-42A3-9474-1A3956D46DE8}") = "test", "test", "{16DE7021-A57F-4A95-9523-A91EFE046FE3}"
EndProject
Project("{2150E333-8FDC-42A3-9474-1A3956D46DE8}") = "common", "common", "{D8FAD1B4-2CE7-40F8-8BA4-DBDD2CEEDC14}"
EndProject
Project("{2150E333-8FDC-42A3-9474-1A3956D46DE8}") = "enode", "enode", "{1527D723-2BD1-4BFB-94BE-86EED104EFB7}"
EndProject
Project("{9A19103F-16F7-4668-BE54-9A1E7A4F7556}") = "Jane", "common\src\Jane\Jane.csproj", "{159AA2BF-F485-41F1-BC10-132A584EE254}"
EndProject
Project("{9A19103F-16F7-4668-BE54-9A1E7A4F7556}") = "Jane.AspNetCore", "common\src\Jane.AspNetCore\Jane.AspNetCore.csproj", "{7AFEF605-D2D4-4309-80A1-9F83092F6B02}"
EndProject
Project("{9A19103F-16F7-4668-BE54-9A1E7A4F7556}") = "Jane.Autofac", "common\src\Jane.Autofac\Jane.Autofac.csproj", "{63961BAD-87DE-4875-A3DD-3845FB03895C}"
EndProject
Project("{9A19103F-16F7-4668-BE54-9A1E7A4F7556}") = "Jane.AutoMapper", "common\src\Jane.AutoMapper\Jane.AutoMapper.csproj", "{E9B93F58-0397-4393-BA6A-E94D5BFC04F8}"
EndProject
Project("{9A19103F-16F7-4668-BE54-9A1E7A4F7556}") = "Jane.ENode", "common\src\Jane.ENode\Jane.ENode.csproj", "{9139AF40-B1A1-4ABC-8456-947F818D99BF}"
EndProject
Project("{9A19103F-16F7-4668-BE54-9A1E7A4F7556}") = "Jane.ENode.AspNetCore", "common\src\Jane.ENode.AspNetCore\Jane.ENode.AspNetCore.csproj", "{BCFF708A-CE7D-4DA3-9483-FAF87E37BC2F}"
EndProject
Project("{9A19103F-16F7-4668-BE54-9A1E7A4F7556}") = "Jane.Log4Net", "common\src\Jane.Log4Net\Jane.Log4Net.csproj", "{4F970795-36D6-459D-A6DB-DADF22A3157D}"
EndProject
Project("{9A19103F-16F7-4668-BE54-9A1E7A4F7556}") = "Jane.MongoDb", "common\src\Jane.MongoDb\Jane.MongoDb.csproj", "{F0926072-55F0-44C0-BAA1-35134CBD4D72}"
EndProject
Project("{9A19103F-16F7-4668-BE54-9A1E7A4F7556}") = "Jane.RedisCache", "common\src\Jane.RedisCache\Jane.RedisCache.csproj", "{D8FE2C46-BFEF-4AFD-9F0F-F431B5B87E16}"
EndProject
Project("{9A19103F-16F7-4668-BE54-9A1E7A4F7556}") = "Jane.Web", "common\src\Jane.Web\Jane.Web.csproj", "{146C415E-CBC2-44F9-AAC3-7787E65F15EC}"
EndProject
Project("{9A19103F-16F7-4668-BE54-9A1E7A4F7556}") = "ENode.Kafka", "enode\src\ENode.Kafka\ENode.Kafka.csproj", "{FCB8AD14-7789-4F2A-9695-7A61A18231C3}"
EndProject
Project("{9A19103F-16F7-4668-BE54-9A1E7A4F7556}") = "ENode.Lock.Redis", "enode\src\ENode.Lock.Redis\ENode.Lock.Redis.csproj", "{736AE524-C716-48EC-B712-A0613D4679EF}"
EndProject
Project("{9A19103F-16F7-4668-BE54-9A1E7A4F7556}") = "ENode.EventStore.MongoDb", "enode\src\ENode.EventStore.MongoDb\ENode.EventStore.MongoDb.csproj", "{D41B0EE4-7058-4F7F-88C4-24E9CC033A14}"
EndProject
Project("{2150E333-8FDC-42A3-9474-1A3956D46DE8}") = "Services", "Services", "{12EF5179-521E-48F8-92FC-3A73B07E9AF5}"
EndProject
Project("{2150E333-8FDC-42A3-9474-1A3956D46DE8}") = "BoundedContext", "BoundedContext", "{1EEE03F0-873C-40D9-B921-BA36E971B5B9}"
EndProject
Project("{2150E333-8FDC-42A3-9474-1A3956D46DE8}") = "host", "host", "{CDA2D8E2-D056-4989-838C-5FCD2B313F1A}"
EndProject
Project("{2150E333-8FDC-42A3-9474-1A3956D46DE8}") = "test", "test", "{45745B8F-EEC8-4829-A43E-0D78E5A6126E}"
EndProject
Project("{9A19103F-16F7-4668-BE54-9A1E7A4F7556}") = "BoundedContext.BackgroundJobs", "src\Services\BoundedContext\BoundedContext.BackgroundJobs\BoundedContext.BackgroundJobs.csproj", "{BA08B0D4-C0A3-442D-BFEB-643551286AE0}"
EndProject
Project("{9A19103F-16F7-4668-BE54-9A1E7A4F7556}") = "BoundedContext.CommandHandlers", "src\Services\BoundedContext\BoundedContext.CommandHandlers\BoundedContext.CommandHandlers.csproj", "{9D1FD904-C735-44D0-B3C1-D2ECF7C7D76A}"
EndProject
Project("{9A19103F-16F7-4668-BE54-9A1E7A4F7556}") = "BoundedContext.Commands", "src\Services\BoundedContext\BoundedContext.Commands\BoundedContext.Commands.csproj", "{0F333110-27DB-4EEC-B00E-18F1CED66BD9}"
EndProject
Project("{9A19103F-16F7-4668-BE54-9A1E7A4F7556}") = "BoundedContext.Domain", "src\Services\BoundedContext\BoundedContext.Domain\BoundedContext.Domain.csproj", "{41A5CBF3-7804-48AF-9781-85CA961E833E}"
EndProject
Project("{9A19103F-16F7-4668-BE54-9A1E7A4F7556}") = "BoundedContext.MessagePublishers", "src\Services\BoundedContext\BoundedContext.MessagePublishers\BoundedContext.MessagePublishers.csproj", "{0A5A5F81-B6D7-4DA1-A745-03B769124FED}"
EndProject
Project("{9A19103F-16F7-4668-BE54-9A1E7A4F7556}") = "BoundedContext.Messages", "src\Services\BoundedContext\BoundedContext.Messages\BoundedContext.Messages.csproj", "{0E2C2343-692F-4308-93BD-D7C63F7641A7}"
EndProject
Project("{9A19103F-16F7-4668-BE54-9A1E7A4F7556}") = "BoundedContext.ProcessManagers", "src\Services\BoundedContext\BoundedContext.ProcessManagers\BoundedContext.ProcessManagers.csproj", "{683DB995-C9E0-4DC9-9B8F-E7919B8D0F6B}"
EndProject
Project("{9A19103F-16F7-4668-BE54-9A1E7A4F7556}") = "BoundedContext.QueryServices", "src\Services\BoundedContext\BoundedContext.QueryServices\BoundedContext.QueryServices.csproj", "{664FCE5E-BCE0-4292-9E5C-53DB7A4CF22E}"
EndProject
Project("{9A19103F-16F7-4668-BE54-9A1E7A4F7556}") = "BoundedContext.ReadModel", "src\Services\BoundedContext\BoundedContext.ReadModel\BoundedContext.ReadModel.csproj", "{782C8C66-15C3-4D15-A9EE-69B99B5DF3F3}"
EndProject
Project("{9A19103F-16F7-4668-BE54-9A1E7A4F7556}") = "BoundedContext.Repositories.MongoDb", "src\Services\BoundedContext\BoundedContext.Repositories.MongoDb\BoundedContext.Repositories.MongoDb.csproj", "{E8E0DDD7-8E4F-43E4-AB94-BD53EDFC7890}"
EndProject
Project("{9A19103F-16F7-4668-BE54-9A1E7A4F7556}") = "BoundedContext.Shared", "src\Services\BoundedContext\BoundedContext.Shared\BoundedContext.Shared.csproj", "{FE47E7A2-31D6-4939-A6DD-3C5AE755CB5F}"
EndProject
Project("{9A19103F-16F7-4668-BE54-9A1E7A4F7556}") = "BoundedContext.UnitTests", "src\Services\BoundedContext\test\BoundedContext.UnitTests\BoundedContext.UnitTests.csproj", "{6EF2CAC1-CE86-49DC-8570-8621DB7D4AEC}"
EndProject
Project("{9A19103F-16F7-4668-BE54-9A1E7A4F7556}") = "BoundedContext.ProcessorHost", "src\Services\BoundedContext\host\BoundedContext.ProcessorHost\BoundedContext.ProcessorHost.csproj", "{9B487FE3-A2A5-48D3-8F23-BE06243F9D45}"
EndProject
Project("{9A19103F-16F7-4668-BE54-9A1E7A4F7556}") = "BoundedContext.Api", "src\Services\BoundedContext\host\BoundedContext.Api\BoundedContext.Api.csproj", "{444C0CC1-2A95-4F81-89CD-B3BC00CB8DFE}"
EndProject
Project("{9A19103F-16F7-4668-BE54-9A1E7A4F7556}") = "Jane.Hangfire", "common\src\Jane.Hangfire\Jane.Hangfire.csproj", "{85C4163D-238B-405C-B240-25D42D1DDC1D}"
EndProject
Project("{9A19103F-16F7-4668-BE54-9A1E7A4F7556}") = "ENode.AggregateSnapshot", "enode\src\ENode.AggregateSnapshot\ENode.AggregateSnapshot.csproj", "{909957E0-6E79-4D76-9A0F-5AB05B3A2815}"
EndProject
Project("{9A19103F-16F7-4668-BE54-9A1E7A4F7556}") = "ENode.Store.MongoDb", "enode\src\ENode.Store.MongoDb\ENode.Store.MongoDb.csproj", "{CEF85332-D258-4FF6-9B88-F286DB1F244D}"
EndProject
Global
	GlobalSection(SolutionConfigurationPlatforms) = preSolution
		Debug|Any CPU = Debug|Any CPU
		Release|Any CPU = Release|Any CPU
	EndGlobalSection
	GlobalSection(ProjectConfigurationPlatforms) = postSolution
		{159AA2BF-F485-41F1-BC10-132A584EE254}.Debug|Any CPU.ActiveCfg = Debug|Any CPU
		{159AA2BF-F485-41F1-BC10-132A584EE254}.Debug|Any CPU.Build.0 = Debug|Any CPU
		{159AA2BF-F485-41F1-BC10-132A584EE254}.Release|Any CPU.ActiveCfg = Release|Any CPU
		{159AA2BF-F485-41F1-BC10-132A584EE254}.Release|Any CPU.Build.0 = Release|Any CPU
		{7AFEF605-D2D4-4309-80A1-9F83092F6B02}.Debug|Any CPU.ActiveCfg = Debug|Any CPU
		{7AFEF605-D2D4-4309-80A1-9F83092F6B02}.Debug|Any CPU.Build.0 = Debug|Any CPU
		{7AFEF605-D2D4-4309-80A1-9F83092F6B02}.Release|Any CPU.ActiveCfg = Release|Any CPU
		{7AFEF605-D2D4-4309-80A1-9F83092F6B02}.Release|Any CPU.Build.0 = Release|Any CPU
		{63961BAD-87DE-4875-A3DD-3845FB03895C}.Debug|Any CPU.ActiveCfg = Debug|Any CPU
		{63961BAD-87DE-4875-A3DD-3845FB03895C}.Debug|Any CPU.Build.0 = Debug|Any CPU
		{63961BAD-87DE-4875-A3DD-3845FB03895C}.Release|Any CPU.ActiveCfg = Release|Any CPU
		{63961BAD-87DE-4875-A3DD-3845FB03895C}.Release|Any CPU.Build.0 = Release|Any CPU
		{E9B93F58-0397-4393-BA6A-E94D5BFC04F8}.Debug|Any CPU.ActiveCfg = Debug|Any CPU
		{E9B93F58-0397-4393-BA6A-E94D5BFC04F8}.Debug|Any CPU.Build.0 = Debug|Any CPU
		{E9B93F58-0397-4393-BA6A-E94D5BFC04F8}.Release|Any CPU.ActiveCfg = Release|Any CPU
		{E9B93F58-0397-4393-BA6A-E94D5BFC04F8}.Release|Any CPU.Build.0 = Release|Any CPU
		{9139AF40-B1A1-4ABC-8456-947F818D99BF}.Debug|Any CPU.ActiveCfg = Debug|Any CPU
		{9139AF40-B1A1-4ABC-8456-947F818D99BF}.Debug|Any CPU.Build.0 = Debug|Any CPU
		{9139AF40-B1A1-4ABC-8456-947F818D99BF}.Release|Any CPU.ActiveCfg = Release|Any CPU
		{9139AF40-B1A1-4ABC-8456-947F818D99BF}.Release|Any CPU.Build.0 = Release|Any CPU
		{BCFF708A-CE7D-4DA3-9483-FAF87E37BC2F}.Debug|Any CPU.ActiveCfg = Debug|Any CPU
		{BCFF708A-CE7D-4DA3-9483-FAF87E37BC2F}.Debug|Any CPU.Build.0 = Debug|Any CPU
		{BCFF708A-CE7D-4DA3-9483-FAF87E37BC2F}.Release|Any CPU.ActiveCfg = Release|Any CPU
		{BCFF708A-CE7D-4DA3-9483-FAF87E37BC2F}.Release|Any CPU.Build.0 = Release|Any CPU
		{4F970795-36D6-459D-A6DB-DADF22A3157D}.Debug|Any CPU.ActiveCfg = Debug|Any CPU
		{4F970795-36D6-459D-A6DB-DADF22A3157D}.Debug|Any CPU.Build.0 = Debug|Any CPU
		{4F970795-36D6-459D-A6DB-DADF22A3157D}.Release|Any CPU.ActiveCfg = Release|Any CPU
		{4F970795-36D6-459D-A6DB-DADF22A3157D}.Release|Any CPU.Build.0 = Release|Any CPU
		{F0926072-55F0-44C0-BAA1-35134CBD4D72}.Debug|Any CPU.ActiveCfg = Debug|Any CPU
		{F0926072-55F0-44C0-BAA1-35134CBD4D72}.Debug|Any CPU.Build.0 = Debug|Any CPU
		{F0926072-55F0-44C0-BAA1-35134CBD4D72}.Release|Any CPU.ActiveCfg = Release|Any CPU
		{F0926072-55F0-44C0-BAA1-35134CBD4D72}.Release|Any CPU.Build.0 = Release|Any CPU
		{D8FE2C46-BFEF-4AFD-9F0F-F431B5B87E16}.Debug|Any CPU.ActiveCfg = Debug|Any CPU
		{D8FE2C46-BFEF-4AFD-9F0F-F431B5B87E16}.Debug|Any CPU.Build.0 = Debug|Any CPU
		{D8FE2C46-BFEF-4AFD-9F0F-F431B5B87E16}.Release|Any CPU.ActiveCfg = Release|Any CPU
		{D8FE2C46-BFEF-4AFD-9F0F-F431B5B87E16}.Release|Any CPU.Build.0 = Release|Any CPU
		{146C415E-CBC2-44F9-AAC3-7787E65F15EC}.Debug|Any CPU.ActiveCfg = Debug|Any CPU
		{146C415E-CBC2-44F9-AAC3-7787E65F15EC}.Debug|Any CPU.Build.0 = Debug|Any CPU
		{146C415E-CBC2-44F9-AAC3-7787E65F15EC}.Release|Any CPU.ActiveCfg = Release|Any CPU
		{146C415E-CBC2-44F9-AAC3-7787E65F15EC}.Release|Any CPU.Build.0 = Release|Any CPU
		{FCB8AD14-7789-4F2A-9695-7A61A18231C3}.Debug|Any CPU.ActiveCfg = Debug|Any CPU
		{FCB8AD14-7789-4F2A-9695-7A61A18231C3}.Debug|Any CPU.Build.0 = Debug|Any CPU
		{FCB8AD14-7789-4F2A-9695-7A61A18231C3}.Release|Any CPU.ActiveCfg = Release|Any CPU
		{FCB8AD14-7789-4F2A-9695-7A61A18231C3}.Release|Any CPU.Build.0 = Release|Any CPU
		{736AE524-C716-48EC-B712-A0613D4679EF}.Debug|Any CPU.ActiveCfg = Debug|Any CPU
		{736AE524-C716-48EC-B712-A0613D4679EF}.Debug|Any CPU.Build.0 = Debug|Any CPU
		{736AE524-C716-48EC-B712-A0613D4679EF}.Release|Any CPU.ActiveCfg = Release|Any CPU
		{736AE524-C716-48EC-B712-A0613D4679EF}.Release|Any CPU.Build.0 = Release|Any CPU
		{D41B0EE4-7058-4F7F-88C4-24E9CC033A14}.Debug|Any CPU.ActiveCfg = Debug|Any CPU
		{D41B0EE4-7058-4F7F-88C4-24E9CC033A14}.Debug|Any CPU.Build.0 = Debug|Any CPU
		{D41B0EE4-7058-4F7F-88C4-24E9CC033A14}.Release|Any CPU.ActiveCfg = Release|Any CPU
		{D41B0EE4-7058-4F7F-88C4-24E9CC033A14}.Release|Any CPU.Build.0 = Release|Any CPU
		{BA08B0D4-C0A3-442D-BFEB-643551286AE0}.Debug|Any CPU.ActiveCfg = Debug|Any CPU
		{BA08B0D4-C0A3-442D-BFEB-643551286AE0}.Debug|Any CPU.Build.0 = Debug|Any CPU
		{BA08B0D4-C0A3-442D-BFEB-643551286AE0}.Release|Any CPU.ActiveCfg = Release|Any CPU
		{BA08B0D4-C0A3-442D-BFEB-643551286AE0}.Release|Any CPU.Build.0 = Release|Any CPU
		{9D1FD904-C735-44D0-B3C1-D2ECF7C7D76A}.Debug|Any CPU.ActiveCfg = Debug|Any CPU
		{9D1FD904-C735-44D0-B3C1-D2ECF7C7D76A}.Debug|Any CPU.Build.0 = Debug|Any CPU
		{9D1FD904-C735-44D0-B3C1-D2ECF7C7D76A}.Release|Any CPU.ActiveCfg = Release|Any CPU
		{9D1FD904-C735-44D0-B3C1-D2ECF7C7D76A}.Release|Any CPU.Build.0 = Release|Any CPU
		{0F333110-27DB-4EEC-B00E-18F1CED66BD9}.Debug|Any CPU.ActiveCfg = Debug|Any CPU
		{0F333110-27DB-4EEC-B00E-18F1CED66BD9}.Debug|Any CPU.Build.0 = Debug|Any CPU
		{0F333110-27DB-4EEC-B00E-18F1CED66BD9}.Release|Any CPU.ActiveCfg = Release|Any CPU
		{0F333110-27DB-4EEC-B00E-18F1CED66BD9}.Release|Any CPU.Build.0 = Release|Any CPU
		{41A5CBF3-7804-48AF-9781-85CA961E833E}.Debug|Any CPU.ActiveCfg = Debug|Any CPU
		{41A5CBF3-7804-48AF-9781-85CA961E833E}.Debug|Any CPU.Build.0 = Debug|Any CPU
		{41A5CBF3-7804-48AF-9781-85CA961E833E}.Release|Any CPU.ActiveCfg = Release|Any CPU
		{41A5CBF3-7804-48AF-9781-85CA961E833E}.Release|Any CPU.Build.0 = Release|Any CPU
		{0A5A5F81-B6D7-4DA1-A745-03B769124FED}.Debug|Any CPU.ActiveCfg = Debug|Any CPU
		{0A5A5F81-B6D7-4DA1-A745-03B769124FED}.Debug|Any CPU.Build.0 = Debug|Any CPU
		{0A5A5F81-B6D7-4DA1-A745-03B769124FED}.Release|Any CPU.ActiveCfg = Release|Any CPU
		{0A5A5F81-B6D7-4DA1-A745-03B769124FED}.Release|Any CPU.Build.0 = Release|Any CPU
		{0E2C2343-692F-4308-93BD-D7C63F7641A7}.Debug|Any CPU.ActiveCfg = Debug|Any CPU
		{0E2C2343-692F-4308-93BD-D7C63F7641A7}.Debug|Any CPU.Build.0 = Debug|Any CPU
		{0E2C2343-692F-4308-93BD-D7C63F7641A7}.Release|Any CPU.ActiveCfg = Release|Any CPU
		{0E2C2343-692F-4308-93BD-D7C63F7641A7}.Release|Any CPU.Build.0 = Release|Any CPU
		{683DB995-C9E0-4DC9-9B8F-E7919B8D0F6B}.Debug|Any CPU.ActiveCfg = Debug|Any CPU
		{683DB995-C9E0-4DC9-9B8F-E7919B8D0F6B}.Debug|Any CPU.Build.0 = Debug|Any CPU
		{683DB995-C9E0-4DC9-9B8F-E7919B8D0F6B}.Release|Any CPU.ActiveCfg = Release|Any CPU
		{683DB995-C9E0-4DC9-9B8F-E7919B8D0F6B}.Release|Any CPU.Build.0 = Release|Any CPU
		{664FCE5E-BCE0-4292-9E5C-53DB7A4CF22E}.Debug|Any CPU.ActiveCfg = Debug|Any CPU
		{664FCE5E-BCE0-4292-9E5C-53DB7A4CF22E}.Debug|Any CPU.Build.0 = Debug|Any CPU
		{664FCE5E-BCE0-4292-9E5C-53DB7A4CF22E}.Release|Any CPU.ActiveCfg = Release|Any CPU
		{664FCE5E-BCE0-4292-9E5C-53DB7A4CF22E}.Release|Any CPU.Build.0 = Release|Any CPU
		{782C8C66-15C3-4D15-A9EE-69B99B5DF3F3}.Debug|Any CPU.ActiveCfg = Debug|Any CPU
		{782C8C66-15C3-4D15-A9EE-69B99B5DF3F3}.Debug|Any CPU.Build.0 = Debug|Any CPU
		{782C8C66-15C3-4D15-A9EE-69B99B5DF3F3}.Release|Any CPU.ActiveCfg = Release|Any CPU
		{782C8C66-15C3-4D15-A9EE-69B99B5DF3F3}.Release|Any CPU.Build.0 = Release|Any CPU
		{E8E0DDD7-8E4F-43E4-AB94-BD53EDFC7890}.Debug|Any CPU.ActiveCfg = Debug|Any CPU
		{E8E0DDD7-8E4F-43E4-AB94-BD53EDFC7890}.Debug|Any CPU.Build.0 = Debug|Any CPU
		{E8E0DDD7-8E4F-43E4-AB94-BD53EDFC7890}.Release|Any CPU.ActiveCfg = Release|Any CPU
		{E8E0DDD7-8E4F-43E4-AB94-BD53EDFC7890}.Release|Any CPU.Build.0 = Release|Any CPU
		{FE47E7A2-31D6-4939-A6DD-3C5AE755CB5F}.Debug|Any CPU.ActiveCfg = Debug|Any CPU
		{FE47E7A2-31D6-4939-A6DD-3C5AE755CB5F}.Debug|Any CPU.Build.0 = Debug|Any CPU
		{FE47E7A2-31D6-4939-A6DD-3C5AE755CB5F}.Release|Any CPU.ActiveCfg = Release|Any CPU
		{FE47E7A2-31D6-4939-A6DD-3C5AE755CB5F}.Release|Any CPU.Build.0 = Release|Any CPU
		{6EF2CAC1-CE86-49DC-8570-8621DB7D4AEC}.Debug|Any CPU.ActiveCfg = Debug|Any CPU
		{6EF2CAC1-CE86-49DC-8570-8621DB7D4AEC}.Debug|Any CPU.Build.0 = Debug|Any CPU
		{6EF2CAC1-CE86-49DC-8570-8621DB7D4AEC}.Release|Any CPU.ActiveCfg = Release|Any CPU
		{6EF2CAC1-CE86-49DC-8570-8621DB7D4AEC}.Release|Any CPU.Build.0 = Release|Any CPU
		{9B487FE3-A2A5-48D3-8F23-BE06243F9D45}.Debug|Any CPU.ActiveCfg = Debug|Any CPU
		{9B487FE3-A2A5-48D3-8F23-BE06243F9D45}.Debug|Any CPU.Build.0 = Debug|Any CPU
		{9B487FE3-A2A5-48D3-8F23-BE06243F9D45}.Release|Any CPU.ActiveCfg = Release|Any CPU
		{9B487FE3-A2A5-48D3-8F23-BE06243F9D45}.Release|Any CPU.Build.0 = Release|Any CPU
		{444C0CC1-2A95-4F81-89CD-B3BC00CB8DFE}.Debug|Any CPU.ActiveCfg = Debug|Any CPU
		{444C0CC1-2A95-4F81-89CD-B3BC00CB8DFE}.Debug|Any CPU.Build.0 = Debug|Any CPU
		{444C0CC1-2A95-4F81-89CD-B3BC00CB8DFE}.Release|Any CPU.ActiveCfg = Release|Any CPU
		{444C0CC1-2A95-4F81-89CD-B3BC00CB8DFE}.Release|Any CPU.Build.0 = Release|Any CPU
		{85C4163D-238B-405C-B240-25D42D1DDC1D}.Debug|Any CPU.ActiveCfg = Debug|Any CPU
		{85C4163D-238B-405C-B240-25D42D1DDC1D}.Debug|Any CPU.Build.0 = Debug|Any CPU
		{85C4163D-238B-405C-B240-25D42D1DDC1D}.Release|Any CPU.ActiveCfg = Release|Any CPU
		{85C4163D-238B-405C-B240-25D42D1DDC1D}.Release|Any CPU.Build.0 = Release|Any CPU
		{909957E0-6E79-4D76-9A0F-5AB05B3A2815}.Debug|Any CPU.ActiveCfg = Debug|Any CPU
		{909957E0-6E79-4D76-9A0F-5AB05B3A2815}.Debug|Any CPU.Build.0 = Debug|Any CPU
		{909957E0-6E79-4D76-9A0F-5AB05B3A2815}.Release|Any CPU.ActiveCfg = Release|Any CPU
		{909957E0-6E79-4D76-9A0F-5AB05B3A2815}.Release|Any CPU.Build.0 = Release|Any CPU
		{CEF85332-D258-4FF6-9B88-F286DB1F244D}.Debug|Any CPU.ActiveCfg = Debug|Any CPU
		{CEF85332-D258-4FF6-9B88-F286DB1F244D}.Debug|Any CPU.Build.0 = Debug|Any CPU
		{CEF85332-D258-4FF6-9B88-F286DB1F244D}.Release|Any CPU.ActiveCfg = Release|Any CPU
		{CEF85332-D258-4FF6-9B88-F286DB1F244D}.Release|Any CPU.Build.0 = Release|Any CPU
	EndGlobalSection
	GlobalSection(SolutionProperties) = preSolution
		HideSolutionNode = FALSE
	EndGlobalSection
	GlobalSection(NestedProjects) = preSolution
		{159AA2BF-F485-41F1-BC10-132A584EE254} = {D8FAD1B4-2CE7-40F8-8BA4-DBDD2CEEDC14}
		{7AFEF605-D2D4-4309-80A1-9F83092F6B02} = {D8FAD1B4-2CE7-40F8-8BA4-DBDD2CEEDC14}
		{63961BAD-87DE-4875-A3DD-3845FB03895C} = {D8FAD1B4-2CE7-40F8-8BA4-DBDD2CEEDC14}
		{E9B93F58-0397-4393-BA6A-E94D5BFC04F8} = {D8FAD1B4-2CE7-40F8-8BA4-DBDD2CEEDC14}
		{9139AF40-B1A1-4ABC-8456-947F818D99BF} = {D8FAD1B4-2CE7-40F8-8BA4-DBDD2CEEDC14}
		{BCFF708A-CE7D-4DA3-9483-FAF87E37BC2F} = {D8FAD1B4-2CE7-40F8-8BA4-DBDD2CEEDC14}
		{4F970795-36D6-459D-A6DB-DADF22A3157D} = {D8FAD1B4-2CE7-40F8-8BA4-DBDD2CEEDC14}
		{F0926072-55F0-44C0-BAA1-35134CBD4D72} = {D8FAD1B4-2CE7-40F8-8BA4-DBDD2CEEDC14}
		{D8FE2C46-BFEF-4AFD-9F0F-F431B5B87E16} = {D8FAD1B4-2CE7-40F8-8BA4-DBDD2CEEDC14}
		{146C415E-CBC2-44F9-AAC3-7787E65F15EC} = {D8FAD1B4-2CE7-40F8-8BA4-DBDD2CEEDC14}
		{FCB8AD14-7789-4F2A-9695-7A61A18231C3} = {1527D723-2BD1-4BFB-94BE-86EED104EFB7}
		{736AE524-C716-48EC-B712-A0613D4679EF} = {1527D723-2BD1-4BFB-94BE-86EED104EFB7}
		{D41B0EE4-7058-4F7F-88C4-24E9CC033A14} = {1527D723-2BD1-4BFB-94BE-86EED104EFB7}
		{12EF5179-521E-48F8-92FC-3A73B07E9AF5} = {F1610527-51BD-4242-BC85-D7F6D3D5D835}
		{1EEE03F0-873C-40D9-B921-BA36E971B5B9} = {12EF5179-521E-48F8-92FC-3A73B07E9AF5}
		{CDA2D8E2-D056-4989-838C-5FCD2B313F1A} = {1EEE03F0-873C-40D9-B921-BA36E971B5B9}
		{45745B8F-EEC8-4829-A43E-0D78E5A6126E} = {1EEE03F0-873C-40D9-B921-BA36E971B5B9}
		{BA08B0D4-C0A3-442D-BFEB-643551286AE0} = {1EEE03F0-873C-40D9-B921-BA36E971B5B9}
		{9D1FD904-C735-44D0-B3C1-D2ECF7C7D76A} = {1EEE03F0-873C-40D9-B921-BA36E971B5B9}
		{0F333110-27DB-4EEC-B00E-18F1CED66BD9} = {1EEE03F0-873C-40D9-B921-BA36E971B5B9}
		{41A5CBF3-7804-48AF-9781-85CA961E833E} = {1EEE03F0-873C-40D9-B921-BA36E971B5B9}
		{0A5A5F81-B6D7-4DA1-A745-03B769124FED} = {1EEE03F0-873C-40D9-B921-BA36E971B5B9}
		{0E2C2343-692F-4308-93BD-D7C63F7641A7} = {1EEE03F0-873C-40D9-B921-BA36E971B5B9}
		{683DB995-C9E0-4DC9-9B8F-E7919B8D0F6B} = {1EEE03F0-873C-40D9-B921-BA36E971B5B9}
		{664FCE5E-BCE0-4292-9E5C-53DB7A4CF22E} = {1EEE03F0-873C-40D9-B921-BA36E971B5B9}
		{782C8C66-15C3-4D15-A9EE-69B99B5DF3F3} = {1EEE03F0-873C-40D9-B921-BA36E971B5B9}
		{E8E0DDD7-8E4F-43E4-AB94-BD53EDFC7890} = {1EEE03F0-873C-40D9-B921-BA36E971B5B9}
		{FE47E7A2-31D6-4939-A6DD-3C5AE755CB5F} = {1EEE03F0-873C-40D9-B921-BA36E971B5B9}
		{6EF2CAC1-CE86-49DC-8570-8621DB7D4AEC} = {45745B8F-EEC8-4829-A43E-0D78E5A6126E}
		{9B487FE3-A2A5-48D3-8F23-BE06243F9D45} = {CDA2D8E2-D056-4989-838C-5FCD2B313F1A}
		{444C0CC1-2A95-4F81-89CD-B3BC00CB8DFE} = {CDA2D8E2-D056-4989-838C-5FCD2B313F1A}
		{85C4163D-238B-405C-B240-25D42D1DDC1D} = {D8FAD1B4-2CE7-40F8-8BA4-DBDD2CEEDC14}
		{909957E0-6E79-4D76-9A0F-5AB05B3A2815} = {1527D723-2BD1-4BFB-94BE-86EED104EFB7}
		{CEF85332-D258-4FF6-9B88-F286DB1F244D} = {1527D723-2BD1-4BFB-94BE-86EED104EFB7}
	EndGlobalSection
	GlobalSection(ExtensibilityGlobals) = postSolution
		SolutionGuid = {724B3E54-B873-4915-AED1-6403E4A5BC08}
	EndGlobalSection
EndGlobal
